// !$*UTF8*$!
{
	archiveVersion = 1;
	classes = {
	};
	objectVersion = 55;
	objects = {

/* Begin PBXBuildFile section */
		053E852B28CF71A600278B74 /* FetchDataRequestUseCase.swift in Sources */ = {isa = PBXBuildFile; fileRef = 053E852A28CF71A600278B74 /* FetchDataRequestUseCase.swift */; };
		053E852D28CF71BC00278B74 /* FetchDataRequestUseCaseProtocol.swift in Sources */ = {isa = PBXBuildFile; fileRef = 053E852C28CF71BC00278B74 /* FetchDataRequestUseCaseProtocol.swift */; };
		053E853028CF72A800278B74 /* DestinationCellViewModel.swift in Sources */ = {isa = PBXBuildFile; fileRef = 053E852F28CF72A800278B74 /* DestinationCellViewModel.swift */; };
		05626C1728CB93B400AE96A4 /* DestinationsViewController.storyboard in Resources */ = {isa = PBXBuildFile; fileRef = 05626C1628CB93B400AE96A4 /* DestinationsViewController.storyboard */; };
		05626C1A28CB95EA00AE96A4 /* Storyboard+Instantiation.swift in Sources */ = {isa = PBXBuildFile; fileRef = 05626C1928CB95EA00AE96A4 /* Storyboard+Instantiation.swift */; };
		05626C1D28CB976F00AE96A4 /* DestinationCollectionViewCell.swift in Sources */ = {isa = PBXBuildFile; fileRef = 05626C1B28CB976F00AE96A4 /* DestinationCollectionViewCell.swift */; };
		05626C1E28CB976F00AE96A4 /* DestinationCollectionViewCell.xib in Resources */ = {isa = PBXBuildFile; fileRef = 05626C1C28CB976F00AE96A4 /* DestinationCollectionViewCell.xib */; };
		05626C2528CBB45000AE96A4 /* SectionHeaderView.swift in Sources */ = {isa = PBXBuildFile; fileRef = 05626C2328CBB44F00AE96A4 /* SectionHeaderView.swift */; };
		05626C2628CBB45000AE96A4 /* SectionHeaderView.xib in Resources */ = {isa = PBXBuildFile; fileRef = 05626C2428CBB44F00AE96A4 /* SectionHeaderView.xib */; };
		05626C2F28CBB96C00AE96A4 /* DestinationsRepositoryProtocol.swift in Sources */ = {isa = PBXBuildFile; fileRef = 05626C2B28CBB96C00AE96A4 /* DestinationsRepositoryProtocol.swift */; };
		05626C3028CBB96C00AE96A4 /* FetchDestinationsUseCaseProtocol.swift in Sources */ = {isa = PBXBuildFile; fileRef = 05626C2C28CBB96C00AE96A4 /* FetchDestinationsUseCaseProtocol.swift */; };
		05626C3128CBB96C00AE96A4 /* FetchDestinationsUseCase.swift in Sources */ = {isa = PBXBuildFile; fileRef = 05626C2D28CBB96C00AE96A4 /* FetchDestinationsUseCase.swift */; };
		05626C3228CBB96C00AE96A4 /* DestinationsViewModel.swift in Sources */ = {isa = PBXBuildFile; fileRef = 05626C2E28CBB96C00AE96A4 /* DestinationsViewModel.swift */; };
		05626C3428CBB99200AE96A4 /* DestinationsRepository.swift in Sources */ = {isa = PBXBuildFile; fileRef = 05626C3328CBB99200AE96A4 /* DestinationsRepository.swift */; };
		05626C3728CBBBFC00AE96A4 /* DestinationDetailsViewController.storyboard in Resources */ = {isa = PBXBuildFile; fileRef = 05626C3628CBBBFC00AE96A4 /* DestinationDetailsViewController.storyboard */; };
		056D758928CDE68D00A28659 /* GetRecentDestinationUseCaseProtocol.swift in Sources */ = {isa = PBXBuildFile; fileRef = 056D758828CDE68D00A28659 /* GetRecentDestinationUseCaseProtocol.swift */; };
		056D758B28CDE69C00A28659 /* GetRecentDestinationUseCase.swift in Sources */ = {isa = PBXBuildFile; fileRef = 056D758A28CDE69C00A28659 /* GetRecentDestinationUseCase.swift */; };
		056D758D28CDE7E900A28659 /* GetRecentDestinationsUseCaseTests.swift in Sources */ = {isa = PBXBuildFile; fileRef = 056D758C28CDE7E900A28659 /* GetRecentDestinationsUseCaseTests.swift */; };
		056D759D28CF0F8E00A28659 /* RxCocoa in Frameworks */ = {isa = PBXBuildFile; productRef = 056D759C28CF0F8E00A28659 /* RxCocoa */; };
		056D759F28CF0F8E00A28659 /* RxSwift in Frameworks */ = {isa = PBXBuildFile; productRef = 056D759E28CF0F8E00A28659 /* RxSwift */; };
		05ACC0F428D06B4800C68B7B /* FetchDataRequestUseCaseTests.swift in Sources */ = {isa = PBXBuildFile; fileRef = 05ACC0F328D06B4800C68B7B /* FetchDataRequestUseCaseTests.swift */; };
		05C3EBAA28CBBD990068597C /* DestinationDetailsViewModel.swift in Sources */ = {isa = PBXBuildFile; fileRef = 05C3EBA928CBBD990068597C /* DestinationDetailsViewModel.swift */; };
		05C3EBAC28CBBFE00068597C /* AppCoordinator.swift in Sources */ = {isa = PBXBuildFile; fileRef = 05C3EBAB28CBBFE00068597C /* AppCoordinator.swift */; };
		05C3EBBD28CBD82E0068597C /* FetchDestinationDetailsUseCaseProtocol.swift in Sources */ = {isa = PBXBuildFile; fileRef = 05C3EBBC28CBD82E0068597C /* FetchDestinationDetailsUseCaseProtocol.swift */; };
		05C3EBBF28CBD8420068597C /* FetchDestinationDetailsUseCase.swift in Sources */ = {isa = PBXBuildFile; fileRef = 05C3EBBE28CBD8420068597C /* FetchDestinationDetailsUseCase.swift */; };
		05C3EBCB28CBE9B80068597C /* UIViewController+Loader.swift in Sources */ = {isa = PBXBuildFile; fileRef = 05C3EBCA28CBE9B80068597C /* UIViewController+Loader.swift */; };
		05C3EBCD28CC026B0068597C /* RecentDestinationView.swift in Sources */ = {isa = PBXBuildFile; fileRef = 05C3EBCC28CC026B0068597C /* RecentDestinationView.swift */; };
		05C3EBCF28CC02830068597C /* RecentDestinationView.xib in Resources */ = {isa = PBXBuildFile; fileRef = 05C3EBCE28CC02830068597C /* RecentDestinationView.xib */; };
		05C3EBD128CC03180068597C /* NibInstantiationProtocol.swift in Sources */ = {isa = PBXBuildFile; fileRef = 05C3EBD028CC03180068597C /* NibInstantiationProtocol.swift */; };
		05F5FE0328CCEB0B0025D7F5 /* FetchDestinationDetailsUseCaseTests.swift in Sources */ = {isa = PBXBuildFile; fileRef = 05F5FE0228CCEB0B0025D7F5 /* FetchDestinationDetailsUseCaseTests.swift */; };
		05F5FE0428CCF57A0025D7F5 /* MockDestinationsRepository.swift in Sources */ = {isa = PBXBuildFile; fileRef = 05FB539128CC7B4A008C57BC /* MockDestinationsRepository.swift */; };
		05F5FE0728CDC63A0025D7F5 /* DestinationModelTests.swift in Sources */ = {isa = PBXBuildFile; fileRef = 05F5FE0628CDC63A0025D7F5 /* DestinationModelTests.swift */; };
		05F5FE0828CDC8CF0025D7F5 /* MockFetchingService.swift in Sources */ = {isa = PBXBuildFile; fileRef = 05FB538E28CC7727008C57BC /* MockFetchingService.swift */; };
		05F5FE0B28CDC9B70025D7F5 /* DestinationsViewModelTests.swift in Sources */ = {isa = PBXBuildFile; fileRef = 05F5FE0A28CDC9B70025D7F5 /* DestinationsViewModelTests.swift */; };
		05FB538928CC72BE008C57BC /* DestinationsRepositoryTests.swift in Sources */ = {isa = PBXBuildFile; fileRef = 05FB538828CC72BE008C57BC /* DestinationsRepositoryTests.swift */; };
		05FB539528CC7D22008C57BC /* FetchDestinationsUseCaseTests.swift in Sources */ = {isa = PBXBuildFile; fileRef = 05FB539428CC7D22008C57BC /* FetchDestinationsUseCaseTests.swift */; };
		05FB539728CCB356008C57BC /* UIView+Subviews.swift in Sources */ = {isa = PBXBuildFile; fileRef = 05FB539628CCB356008C57BC /* UIView+Subviews.swift */; };
		05FB539928CCBDC4008C57BC /* CodableUtils.swift in Sources */ = {isa = PBXBuildFile; fileRef = 05FB539828CCBDC4008C57BC /* CodableUtils.swift */; };
		E710FABC2885AB4000326EEF /* Fonts.swift in Sources */ = {isa = PBXBuildFile; fileRef = E710FABB2885AB4000326EEF /* Fonts.swift */; };
		E710FAC52885AF2E00326EEF /* DestinationDetailsViewController.swift in Sources */ = {isa = PBXBuildFile; fileRef = E710FAC42885AF2E00326EEF /* DestinationDetailsViewController.swift */; };
		E7878C1D26BACE2400CF1DB8 /* Styles.swift in Sources */ = {isa = PBXBuildFile; fileRef = E7878C1C26BACE2400CF1DB8 /* Styles.swift */; };
		E7878C2526BACF3E00CF1DB8 /* Averta-Light.otf in Resources */ = {isa = PBXBuildFile; fileRef = E7878C2026BACF3E00CF1DB8 /* Averta-Light.otf */; };
		E7878C2626BACF3E00CF1DB8 /* Averta-Regular.otf in Resources */ = {isa = PBXBuildFile; fileRef = E7878C2126BACF3E00CF1DB8 /* Averta-Regular.otf */; };
		E7878C2726BACF3E00CF1DB8 /* Averta-ExtraBold.otf in Resources */ = {isa = PBXBuildFile; fileRef = E7878C2226BACF3E00CF1DB8 /* Averta-ExtraBold.otf */; };
		E7878C2826BACF3E00CF1DB8 /* Averta-Bold.otf in Resources */ = {isa = PBXBuildFile; fileRef = E7878C2326BACF3E00CF1DB8 /* Averta-Bold.otf */; };
		E7878C2926BACF3E00CF1DB8 /* Averta-Semibold.otf in Resources */ = {isa = PBXBuildFile; fileRef = E7878C2426BACF3E00CF1DB8 /* Averta-Semibold.otf */; };
		E794201726B83C0E0032C12E /* DestinationFetchingService.swift in Sources */ = {isa = PBXBuildFile; fileRef = E794201626B83C0E0032C12E /* DestinationFetchingService.swift */; };
		E794201A26B853F10032C12E /* Destination.swift in Sources */ = {isa = PBXBuildFile; fileRef = E794201926B853F10032C12E /* Destination.swift */; };
		E794201C26B854040032C12E /* DestinationDetails.swift in Sources */ = {isa = PBXBuildFile; fileRef = E794201B26B854040032C12E /* DestinationDetails.swift */; };
		E7AE6A8A26B81F4F0059FB12 /* AppDelegate.swift in Sources */ = {isa = PBXBuildFile; fileRef = E7AE6A8926B81F4F0059FB12 /* AppDelegate.swift */; };
		E7AE6A8E26B81F4F0059FB12 /* DestinationsViewController.swift in Sources */ = {isa = PBXBuildFile; fileRef = E7AE6A8D26B81F4F0059FB12 /* DestinationsViewController.swift */; };
		E7AE6A9326B81F510059FB12 /* Assets.xcassets in Resources */ = {isa = PBXBuildFile; fileRef = E7AE6A9226B81F510059FB12 /* Assets.xcassets */; };
		E7AE6A9626B81F510059FB12 /* LaunchScreen.storyboard in Resources */ = {isa = PBXBuildFile; fileRef = E7AE6A9426B81F510059FB12 /* LaunchScreen.storyboard */; };
		E7B8690B287C4701000D2C2C /* GradientView.swift in Sources */ = {isa = PBXBuildFile; fileRef = E7B8690A287C4701000D2C2C /* GradientView.swift */; };
/* End PBXBuildFile section */

/* Begin PBXContainerItemProxy section */
		E7AE6A9D26B81F520059FB12 /* PBXContainerItemProxy */ = {
			isa = PBXContainerItemProxy;
			containerPortal = E7AE6A7E26B81F4F0059FB12 /* Project object */;
			proxyType = 1;
			remoteGlobalIDString = E7AE6A8526B81F4F0059FB12;
			remoteInfo = DestinationGuide;
		};
/* End PBXContainerItemProxy section */

/* Begin PBXFileReference section */
		053E852A28CF71A600278B74 /* FetchDataRequestUseCase.swift */ = {isa = PBXFileReference; lastKnownFileType = sourcecode.swift; path = FetchDataRequestUseCase.swift; sourceTree = "<group>"; };
		053E852C28CF71BC00278B74 /* FetchDataRequestUseCaseProtocol.swift */ = {isa = PBXFileReference; lastKnownFileType = sourcecode.swift; path = FetchDataRequestUseCaseProtocol.swift; sourceTree = "<group>"; };
		053E852F28CF72A800278B74 /* DestinationCellViewModel.swift */ = {isa = PBXFileReference; lastKnownFileType = sourcecode.swift; path = DestinationCellViewModel.swift; sourceTree = "<group>"; };
		05626C1628CB93B400AE96A4 /* DestinationsViewController.storyboard */ = {isa = PBXFileReference; lastKnownFileType = file.storyboard; path = DestinationsViewController.storyboard; sourceTree = "<group>"; };
		05626C1928CB95EA00AE96A4 /* Storyboard+Instantiation.swift */ = {isa = PBXFileReference; lastKnownFileType = sourcecode.swift; path = "Storyboard+Instantiation.swift"; sourceTree = "<group>"; };
		05626C1B28CB976F00AE96A4 /* DestinationCollectionViewCell.swift */ = {isa = PBXFileReference; lastKnownFileType = sourcecode.swift; path = DestinationCollectionViewCell.swift; sourceTree = "<group>"; };
		05626C1C28CB976F00AE96A4 /* DestinationCollectionViewCell.xib */ = {isa = PBXFileReference; lastKnownFileType = file.xib; path = DestinationCollectionViewCell.xib; sourceTree = "<group>"; };
		05626C2328CBB44F00AE96A4 /* SectionHeaderView.swift */ = {isa = PBXFileReference; lastKnownFileType = sourcecode.swift; path = SectionHeaderView.swift; sourceTree = "<group>"; };
		05626C2428CBB44F00AE96A4 /* SectionHeaderView.xib */ = {isa = PBXFileReference; lastKnownFileType = file.xib; path = SectionHeaderView.xib; sourceTree = "<group>"; };
		05626C2B28CBB96C00AE96A4 /* DestinationsRepositoryProtocol.swift */ = {isa = PBXFileReference; fileEncoding = 4; lastKnownFileType = sourcecode.swift; path = DestinationsRepositoryProtocol.swift; sourceTree = "<group>"; };
		05626C2C28CBB96C00AE96A4 /* FetchDestinationsUseCaseProtocol.swift */ = {isa = PBXFileReference; fileEncoding = 4; lastKnownFileType = sourcecode.swift; path = FetchDestinationsUseCaseProtocol.swift; sourceTree = "<group>"; };
		05626C2D28CBB96C00AE96A4 /* FetchDestinationsUseCase.swift */ = {isa = PBXFileReference; fileEncoding = 4; lastKnownFileType = sourcecode.swift; path = FetchDestinationsUseCase.swift; sourceTree = "<group>"; };
		05626C2E28CBB96C00AE96A4 /* DestinationsViewModel.swift */ = {isa = PBXFileReference; fileEncoding = 4; lastKnownFileType = sourcecode.swift; path = DestinationsViewModel.swift; sourceTree = "<group>"; };
		05626C3328CBB99200AE96A4 /* DestinationsRepository.swift */ = {isa = PBXFileReference; fileEncoding = 4; lastKnownFileType = sourcecode.swift; path = DestinationsRepository.swift; sourceTree = "<group>"; };
		05626C3628CBBBFC00AE96A4 /* DestinationDetailsViewController.storyboard */ = {isa = PBXFileReference; lastKnownFileType = file.storyboard; path = DestinationDetailsViewController.storyboard; sourceTree = "<group>"; };
		056D758828CDE68D00A28659 /* GetRecentDestinationUseCaseProtocol.swift */ = {isa = PBXFileReference; lastKnownFileType = sourcecode.swift; path = GetRecentDestinationUseCaseProtocol.swift; sourceTree = "<group>"; };
		056D758A28CDE69C00A28659 /* GetRecentDestinationUseCase.swift */ = {isa = PBXFileReference; lastKnownFileType = sourcecode.swift; path = GetRecentDestinationUseCase.swift; sourceTree = "<group>"; };
		056D758C28CDE7E900A28659 /* GetRecentDestinationsUseCaseTests.swift */ = {isa = PBXFileReference; lastKnownFileType = sourcecode.swift; path = GetRecentDestinationsUseCaseTests.swift; sourceTree = "<group>"; };
		05ACC0F328D06B4800C68B7B /* FetchDataRequestUseCaseTests.swift */ = {isa = PBXFileReference; lastKnownFileType = sourcecode.swift; path = FetchDataRequestUseCaseTests.swift; sourceTree = "<group>"; };
		05C3EBA928CBBD990068597C /* DestinationDetailsViewModel.swift */ = {isa = PBXFileReference; lastKnownFileType = sourcecode.swift; path = DestinationDetailsViewModel.swift; sourceTree = "<group>"; };
		05C3EBAB28CBBFE00068597C /* AppCoordinator.swift */ = {isa = PBXFileReference; lastKnownFileType = sourcecode.swift; path = AppCoordinator.swift; sourceTree = "<group>"; };
		05C3EBBC28CBD82E0068597C /* FetchDestinationDetailsUseCaseProtocol.swift */ = {isa = PBXFileReference; lastKnownFileType = sourcecode.swift; path = FetchDestinationDetailsUseCaseProtocol.swift; sourceTree = "<group>"; };
		05C3EBBE28CBD8420068597C /* FetchDestinationDetailsUseCase.swift */ = {isa = PBXFileReference; lastKnownFileType = sourcecode.swift; path = FetchDestinationDetailsUseCase.swift; sourceTree = "<group>"; };
		05C3EBCA28CBE9B80068597C /* UIViewController+Loader.swift */ = {isa = PBXFileReference; lastKnownFileType = sourcecode.swift; path = "UIViewController+Loader.swift"; sourceTree = "<group>"; };
		05C3EBCC28CC026B0068597C /* RecentDestinationView.swift */ = {isa = PBXFileReference; lastKnownFileType = sourcecode.swift; path = RecentDestinationView.swift; sourceTree = "<group>"; };
		05C3EBCE28CC02830068597C /* RecentDestinationView.xib */ = {isa = PBXFileReference; lastKnownFileType = file.xib; path = RecentDestinationView.xib; sourceTree = "<group>"; };
		05C3EBD028CC03180068597C /* NibInstantiationProtocol.swift */ = {isa = PBXFileReference; lastKnownFileType = sourcecode.swift; path = NibInstantiationProtocol.swift; sourceTree = "<group>"; };
		05F5FE0228CCEB0B0025D7F5 /* FetchDestinationDetailsUseCaseTests.swift */ = {isa = PBXFileReference; lastKnownFileType = sourcecode.swift; path = FetchDestinationDetailsUseCaseTests.swift; sourceTree = "<group>"; };
		05F5FE0628CDC63A0025D7F5 /* DestinationModelTests.swift */ = {isa = PBXFileReference; lastKnownFileType = sourcecode.swift; path = DestinationModelTests.swift; sourceTree = "<group>"; };
		05F5FE0A28CDC9B70025D7F5 /* DestinationsViewModelTests.swift */ = {isa = PBXFileReference; lastKnownFileType = sourcecode.swift; path = DestinationsViewModelTests.swift; sourceTree = "<group>"; };
		05FB538828CC72BE008C57BC /* DestinationsRepositoryTests.swift */ = {isa = PBXFileReference; lastKnownFileType = sourcecode.swift; path = DestinationsRepositoryTests.swift; sourceTree = "<group>"; };
		05FB538E28CC7727008C57BC /* MockFetchingService.swift */ = {isa = PBXFileReference; lastKnownFileType = sourcecode.swift; path = MockFetchingService.swift; sourceTree = "<group>"; };
		05FB539128CC7B4A008C57BC /* MockDestinationsRepository.swift */ = {isa = PBXFileReference; lastKnownFileType = sourcecode.swift; path = MockDestinationsRepository.swift; sourceTree = "<group>"; };
		05FB539428CC7D22008C57BC /* FetchDestinationsUseCaseTests.swift */ = {isa = PBXFileReference; lastKnownFileType = sourcecode.swift; path = FetchDestinationsUseCaseTests.swift; sourceTree = "<group>"; };
		05FB539628CCB356008C57BC /* UIView+Subviews.swift */ = {isa = PBXFileReference; lastKnownFileType = sourcecode.swift; path = "UIView+Subviews.swift"; sourceTree = "<group>"; };
		05FB539828CCBDC4008C57BC /* CodableUtils.swift */ = {isa = PBXFileReference; lastKnownFileType = sourcecode.swift; path = CodableUtils.swift; sourceTree = "<group>"; };
		E710FABB2885AB4000326EEF /* Fonts.swift */ = {isa = PBXFileReference; fileEncoding = 4; lastKnownFileType = sourcecode.swift; path = Fonts.swift; sourceTree = "<group>"; };
		E710FAC42885AF2E00326EEF /* DestinationDetailsViewController.swift */ = {isa = PBXFileReference; lastKnownFileType = sourcecode.swift; path = DestinationDetailsViewController.swift; sourceTree = "<group>"; };
		E7878C1C26BACE2400CF1DB8 /* Styles.swift */ = {isa = PBXFileReference; lastKnownFileType = sourcecode.swift; path = Styles.swift; sourceTree = "<group>"; };
		E7878C2026BACF3E00CF1DB8 /* Averta-Light.otf */ = {isa = PBXFileReference; lastKnownFileType = file; path = "Averta-Light.otf"; sourceTree = "<group>"; };
		E7878C2126BACF3E00CF1DB8 /* Averta-Regular.otf */ = {isa = PBXFileReference; lastKnownFileType = file; path = "Averta-Regular.otf"; sourceTree = "<group>"; };
		E7878C2226BACF3E00CF1DB8 /* Averta-ExtraBold.otf */ = {isa = PBXFileReference; lastKnownFileType = file; path = "Averta-ExtraBold.otf"; sourceTree = "<group>"; };
		E7878C2326BACF3E00CF1DB8 /* Averta-Bold.otf */ = {isa = PBXFileReference; lastKnownFileType = file; path = "Averta-Bold.otf"; sourceTree = "<group>"; };
		E7878C2426BACF3E00CF1DB8 /* Averta-Semibold.otf */ = {isa = PBXFileReference; lastKnownFileType = file; path = "Averta-Semibold.otf"; sourceTree = "<group>"; };
		E794201626B83C0E0032C12E /* DestinationFetchingService.swift */ = {isa = PBXFileReference; lastKnownFileType = sourcecode.swift; path = DestinationFetchingService.swift; sourceTree = "<group>"; };
		E794201926B853F10032C12E /* Destination.swift */ = {isa = PBXFileReference; lastKnownFileType = sourcecode.swift; path = Destination.swift; sourceTree = "<group>"; };
		E794201B26B854040032C12E /* DestinationDetails.swift */ = {isa = PBXFileReference; lastKnownFileType = sourcecode.swift; path = DestinationDetails.swift; sourceTree = "<group>"; };
		E7AE6A8626B81F4F0059FB12 /* DestinationGuide.app */ = {isa = PBXFileReference; explicitFileType = wrapper.application; includeInIndex = 0; path = DestinationGuide.app; sourceTree = BUILT_PRODUCTS_DIR; };
		E7AE6A8926B81F4F0059FB12 /* AppDelegate.swift */ = {isa = PBXFileReference; lastKnownFileType = sourcecode.swift; path = AppDelegate.swift; sourceTree = "<group>"; };
		E7AE6A8D26B81F4F0059FB12 /* DestinationsViewController.swift */ = {isa = PBXFileReference; lastKnownFileType = sourcecode.swift; path = DestinationsViewController.swift; sourceTree = "<group>"; };
		E7AE6A9226B81F510059FB12 /* Assets.xcassets */ = {isa = PBXFileReference; lastKnownFileType = folder.assetcatalog; path = Assets.xcassets; sourceTree = "<group>"; };
		E7AE6A9526B81F510059FB12 /* Base */ = {isa = PBXFileReference; lastKnownFileType = file.storyboard; name = Base; path = Base.lproj/LaunchScreen.storyboard; sourceTree = "<group>"; };
		E7AE6A9726B81F510059FB12 /* Info.plist */ = {isa = PBXFileReference; lastKnownFileType = text.plist.xml; path = Info.plist; sourceTree = "<group>"; };
		E7AE6A9C26B81F520059FB12 /* DestinationGuideTests.xctest */ = {isa = PBXFileReference; explicitFileType = wrapper.cfbundle; includeInIndex = 0; path = DestinationGuideTests.xctest; sourceTree = BUILT_PRODUCTS_DIR; };
		E7B8690A287C4701000D2C2C /* GradientView.swift */ = {isa = PBXFileReference; lastKnownFileType = sourcecode.swift; path = GradientView.swift; sourceTree = "<group>"; };
/* End PBXFileReference section */

/* Begin PBXFrameworksBuildPhase section */
		E7AE6A8326B81F4F0059FB12 /* Frameworks */ = {
			isa = PBXFrameworksBuildPhase;
			buildActionMask = 2147483647;
			files = (
				056D759F28CF0F8E00A28659 /* RxSwift in Frameworks */,
				056D759D28CF0F8E00A28659 /* RxCocoa in Frameworks */,
			);
			runOnlyForDeploymentPostprocessing = 0;
		};
		E7AE6A9926B81F520059FB12 /* Frameworks */ = {
			isa = PBXFrameworksBuildPhase;
			buildActionMask = 2147483647;
			files = (
			);
			runOnlyForDeploymentPostprocessing = 0;
		};
/* End PBXFrameworksBuildPhase section */

/* Begin PBXGroup section */
		053E852E28CF71C100278B74 /* FetchDataRequestUseCase */ = {
			isa = PBXGroup;
			children = (
				053E852C28CF71BC00278B74 /* FetchDataRequestUseCaseProtocol.swift */,
				053E852A28CF71A600278B74 /* FetchDataRequestUseCase.swift */,
			);
			path = FetchDataRequestUseCase;
			sourceTree = "<group>";
		};
		05626C1828CB95C300AE96A4 /* Extensions */ = {
			isa = PBXGroup;
			children = (
				05626C1928CB95EA00AE96A4 /* Storyboard+Instantiation.swift */,
				05C3EBCA28CBE9B80068597C /* UIViewController+Loader.swift */,
				05FB539628CCB356008C57BC /* UIView+Subviews.swift */,
			);
			path = Extensions;
			sourceTree = "<group>";
		};
		05626C1F28CB977500AE96A4 /* Cell */ = {
			isa = PBXGroup;
			children = (
				05626C1B28CB976F00AE96A4 /* DestinationCollectionViewCell.swift */,
				05626C1C28CB976F00AE96A4 /* DestinationCollectionViewCell.xib */,
				053E852F28CF72A800278B74 /* DestinationCellViewModel.swift */,
			);
			path = Cell;
			sourceTree = "<group>";
		};
		05626C2228CBB41900AE96A4 /* SectionHeaderView */ = {
			isa = PBXGroup;
			children = (
				05626C2328CBB44F00AE96A4 /* SectionHeaderView.swift */,
				05626C2428CBB44F00AE96A4 /* SectionHeaderView.xib */,
			);
			path = SectionHeaderView;
			sourceTree = "<group>";
		};
		05626C2A28CBB88400AE96A4 /* DestinationView */ = {
			isa = PBXGroup;
			children = (
				05626C2228CBB41900AE96A4 /* SectionHeaderView */,
				05626C1F28CB977500AE96A4 /* Cell */,
				05626C2E28CBB96C00AE96A4 /* DestinationsViewModel.swift */,
				05626C1628CB93B400AE96A4 /* DestinationsViewController.storyboard */,
				E7AE6A8D26B81F4F0059FB12 /* DestinationsViewController.swift */,
			);
			path = DestinationView;
			sourceTree = "<group>";
		};
		05626C3528CBBBBE00AE96A4 /* DestinationDetailsView */ = {
			isa = PBXGroup;
			children = (
				E710FAC42885AF2E00326EEF /* DestinationDetailsViewController.swift */,
				05626C3628CBBBFC00AE96A4 /* DestinationDetailsViewController.storyboard */,
				05C3EBA928CBBD990068597C /* DestinationDetailsViewModel.swift */,
			);
			path = DestinationDetailsView;
			sourceTree = "<group>";
		};
		056D758728CDE67200A28659 /* RecentDestinationUseCase */ = {
			isa = PBXGroup;
			children = (
				056D758828CDE68D00A28659 /* GetRecentDestinationUseCaseProtocol.swift */,
				056D758A28CDE69C00A28659 /* GetRecentDestinationUseCase.swift */,
			);
			path = RecentDestinationUseCase;
			sourceTree = "<group>";
		};
		056D758F28CE70D400A28659 /* VIews */ = {
			isa = PBXGroup;
			children = (
				05C47EC428CF1C9D004E8161 /* RecentDestinations */,
				05626C2A28CBB88400AE96A4 /* DestinationView */,
				05626C3528CBBBBE00AE96A4 /* DestinationDetailsView */,
			);
			path = VIews;
			sourceTree = "<group>";
		};
		05C3EBBA28CBD8030068597C /* Repository */ = {
			isa = PBXGroup;
			children = (
				05626C2B28CBB96C00AE96A4 /* DestinationsRepositoryProtocol.swift */,
				05626C3328CBB99200AE96A4 /* DestinationsRepository.swift */,
			);
			path = Repository;
			sourceTree = "<group>";
		};
		05C3EBBB28CBD8120068597C /* UseCase */ = {
			isa = PBXGroup;
			children = (
				053E852E28CF71C100278B74 /* FetchDataRequestUseCase */,
				056D758728CDE67200A28659 /* RecentDestinationUseCase */,
				05C3EBC128CBDAAA0068597C /* DestinationDetailsUseCase */,
				05C3EBC028CBDAA10068597C /* DestinationsUseCase */,
			);
			path = UseCase;
			sourceTree = "<group>";
		};
		05C3EBC028CBDAA10068597C /* DestinationsUseCase */ = {
			isa = PBXGroup;
			children = (
				05626C2D28CBB96C00AE96A4 /* FetchDestinationsUseCase.swift */,
				05626C2C28CBB96C00AE96A4 /* FetchDestinationsUseCaseProtocol.swift */,
			);
			path = DestinationsUseCase;
			sourceTree = "<group>";
		};
		05C3EBC128CBDAAA0068597C /* DestinationDetailsUseCase */ = {
			isa = PBXGroup;
			children = (
				05C3EBBC28CBD82E0068597C /* FetchDestinationDetailsUseCaseProtocol.swift */,
				05C3EBBE28CBD8420068597C /* FetchDestinationDetailsUseCase.swift */,
			);
			path = DestinationDetailsUseCase;
			sourceTree = "<group>";
		};
		05C47EC428CF1C9D004E8161 /* RecentDestinations */ = {
			isa = PBXGroup;
			children = (
				05C3EBCE28CC02830068597C /* RecentDestinationView.xib */,
				05C3EBCC28CC026B0068597C /* RecentDestinationView.swift */,
			);
			path = RecentDestinations;
			sourceTree = "<group>";
		};
		05F5FE0528CDC6250025D7F5 /* Model */ = {
			isa = PBXGroup;
			children = (
				05F5FE0628CDC63A0025D7F5 /* DestinationModelTests.swift */,
			);
			path = Model;
			sourceTree = "<group>";
		};
		05F5FE0928CDC9A10025D7F5 /* VIewModel */ = {
			isa = PBXGroup;
			children = (
				05F5FE0A28CDC9B70025D7F5 /* DestinationsViewModelTests.swift */,
			);
			path = VIewModel;
			sourceTree = "<group>";
		};
		05F5FE0C28CDDAE20025D7F5 /* Utils */ = {
			isa = PBXGroup;
			children = (
				05FB539828CCBDC4008C57BC /* CodableUtils.swift */,
			);
			path = Utils;
			sourceTree = "<group>";
		};
		05FB538C28CC7701008C57BC /* Repository */ = {
			isa = PBXGroup;
			children = (
				05FB538828CC72BE008C57BC /* DestinationsRepositoryTests.swift */,
				05FB539128CC7B4A008C57BC /* MockDestinationsRepository.swift */,
			);
			path = Repository;
			sourceTree = "<group>";
		};
		05FB538D28CC770B008C57BC /* DataSource */ = {
			isa = PBXGroup;
			children = (
				05FB538E28CC7727008C57BC /* MockFetchingService.swift */,
			);
			path = DataSource;
			sourceTree = "<group>";
		};
		05FB539028CC7731008C57BC /* DataSource */ = {
			isa = PBXGroup;
			children = (
				E794201526B83BE90032C12E /* Services */,
			);
			path = DataSource;
			sourceTree = "<group>";
		};
		05FB539328CC7D13008C57BC /* UseCase */ = {
			isa = PBXGroup;
			children = (
				05FB539428CC7D22008C57BC /* FetchDestinationsUseCaseTests.swift */,
				05F5FE0228CCEB0B0025D7F5 /* FetchDestinationDetailsUseCaseTests.swift */,
				056D758C28CDE7E900A28659 /* GetRecentDestinationsUseCaseTests.swift */,
				05ACC0F328D06B4800C68B7B /* FetchDataRequestUseCaseTests.swift */,
			);
			path = UseCase;
			sourceTree = "<group>";
		};
		E7878C1F26BACF3E00CF1DB8 /* Fonts */ = {
			isa = PBXGroup;
			children = (
				E7878C1C26BACE2400CF1DB8 /* Styles.swift */,
				E710FABB2885AB4000326EEF /* Fonts.swift */,
				E7878C2026BACF3E00CF1DB8 /* Averta-Light.otf */,
				E7878C2126BACF3E00CF1DB8 /* Averta-Regular.otf */,
				E7878C2226BACF3E00CF1DB8 /* Averta-ExtraBold.otf */,
				E7878C2326BACF3E00CF1DB8 /* Averta-Bold.otf */,
				E7878C2426BACF3E00CF1DB8 /* Averta-Semibold.otf */,
			);
			path = Fonts;
			sourceTree = "<group>";
		};
		E794201526B83BE90032C12E /* Services */ = {
			isa = PBXGroup;
			children = (
				E794201626B83C0E0032C12E /* DestinationFetchingService.swift */,
			);
			path = Services;
			sourceTree = "<group>";
		};
		E794201826B853E50032C12E /* Models */ = {
			isa = PBXGroup;
			children = (
				E794201926B853F10032C12E /* Destination.swift */,
				E794201B26B854040032C12E /* DestinationDetails.swift */,
			);
			path = Models;
			sourceTree = "<group>";
		};
		E7AE6A7D26B81F4F0059FB12 = {
			isa = PBXGroup;
			children = (
				E7AE6A8826B81F4F0059FB12 /* DestinationGuide */,
				E7AE6A9F26B81F520059FB12 /* DestinationGuideTests */,
				E7AE6A8726B81F4F0059FB12 /* Products */,
			);
			sourceTree = "<group>";
		};
		E7AE6A8726B81F4F0059FB12 /* Products */ = {
			isa = PBXGroup;
			children = (
				E7AE6A8626B81F4F0059FB12 /* DestinationGuide.app */,
				E7AE6A9C26B81F520059FB12 /* DestinationGuideTests.xctest */,
			);
			name = Products;
			sourceTree = "<group>";
		};
		E7AE6A8826B81F4F0059FB12 /* DestinationGuide */ = {
			isa = PBXGroup;
			children = (
				E7AE6A8926B81F4F0059FB12 /* AppDelegate.swift */,
				05C3EBAB28CBBFE00068597C /* AppCoordinator.swift */,
				05626C1828CB95C300AE96A4 /* Extensions */,
				056D758F28CE70D400A28659 /* VIews */,
				05C3EBBB28CBD8120068597C /* UseCase */,
				05FB539028CC7731008C57BC /* DataSource */,
				05C3EBBA28CBD8030068597C /* Repository */,
				05F5FE0C28CDDAE20025D7F5 /* Utils */,
				E7B8690A287C4701000D2C2C /* GradientView.swift */,
				E7878C1F26BACF3E00CF1DB8 /* Fonts */,
				E794201826B853E50032C12E /* Models */,
				E7AE6A9226B81F510059FB12 /* Assets.xcassets */,
				E7AE6A9426B81F510059FB12 /* LaunchScreen.storyboard */,
				E7AE6A9726B81F510059FB12 /* Info.plist */,
				05C3EBD028CC03180068597C /* NibInstantiationProtocol.swift */,
			);
			path = DestinationGuide;
			sourceTree = "<group>";
		};
		E7AE6A9F26B81F520059FB12 /* DestinationGuideTests */ = {
			isa = PBXGroup;
			children = (
				05F5FE0928CDC9A10025D7F5 /* VIewModel */,
				05F5FE0528CDC6250025D7F5 /* Model */,
				05FB539328CC7D13008C57BC /* UseCase */,
				05FB538D28CC770B008C57BC /* DataSource */,
				05FB538C28CC7701008C57BC /* Repository */,
			);
			path = DestinationGuideTests;
			sourceTree = "<group>";
		};
/* End PBXGroup section */

/* Begin PBXNativeTarget section */
		E7AE6A8526B81F4F0059FB12 /* DestinationGuide */ = {
			isa = PBXNativeTarget;
			buildConfigurationList = E7AE6AAE26B81F520059FB12 /* Build configuration list for PBXNativeTarget "DestinationGuide" */;
			buildPhases = (
				E7AE6A8226B81F4F0059FB12 /* Sources */,
				E7AE6A8326B81F4F0059FB12 /* Frameworks */,
				E7AE6A8426B81F4F0059FB12 /* Resources */,
				05626C2728CBB79A00AE96A4 /* SwiftFormat */,
				05626C2928CBB7B500AE96A4 /* SwifftLint */,
			);
			buildRules = (
			);
			dependencies = (
			);
			name = DestinationGuide;
			packageProductDependencies = (
				056D759C28CF0F8E00A28659 /* RxCocoa */,
				056D759E28CF0F8E00A28659 /* RxSwift */,
			);
			productName = DestinationGuide;
			productReference = E7AE6A8626B81F4F0059FB12 /* DestinationGuide.app */;
			productType = "com.apple.product-type.application";
		};
		E7AE6A9B26B81F520059FB12 /* DestinationGuideTests */ = {
			isa = PBXNativeTarget;
			buildConfigurationList = E7AE6AB126B81F520059FB12 /* Build configuration list for PBXNativeTarget "DestinationGuideTests" */;
			buildPhases = (
				E7AE6A9826B81F520059FB12 /* Sources */,
				E7AE6A9926B81F520059FB12 /* Frameworks */,
				E7AE6A9A26B81F520059FB12 /* Resources */,
			);
			buildRules = (
			);
			dependencies = (
				E7AE6A9E26B81F520059FB12 /* PBXTargetDependency */,
			);
			name = DestinationGuideTests;
			productName = DestinationGuideTests;
			productReference = E7AE6A9C26B81F520059FB12 /* DestinationGuideTests.xctest */;
			productType = "com.apple.product-type.bundle.unit-test";
		};
/* End PBXNativeTarget section */

/* Begin PBXProject section */
		E7AE6A7E26B81F4F0059FB12 /* Project object */ = {
			isa = PBXProject;
			attributes = {
				BuildIndependentTargetsInParallel = 1;
				LastSwiftUpdateCheck = 1300;
				LastUpgradeCheck = 1300;
				TargetAttributes = {
					E7AE6A8526B81F4F0059FB12 = {
						CreatedOnToolsVersion = 13.0;
					};
					E7AE6A9B26B81F520059FB12 = {
						CreatedOnToolsVersion = 13.0;
						TestTargetID = E7AE6A8526B81F4F0059FB12;
					};
				};
			};
			buildConfigurationList = E7AE6A8126B81F4F0059FB12 /* Build configuration list for PBXProject "DestinationGuide" */;
			compatibilityVersion = "Xcode 13.0";
			developmentRegion = en;
			hasScannedForEncodings = 0;
			knownRegions = (
				en,
				Base,
			);
			mainGroup = E7AE6A7D26B81F4F0059FB12;
			packageReferences = (
				056D759B28CF0F8E00A28659 /* XCRemoteSwiftPackageReference "RxSwift" */,
			);
			productRefGroup = E7AE6A8726B81F4F0059FB12 /* Products */;
			projectDirPath = "";
			projectRoot = "";
			targets = (
				E7AE6A8526B81F4F0059FB12 /* DestinationGuide */,
				E7AE6A9B26B81F520059FB12 /* DestinationGuideTests */,
			);
		};
/* End PBXProject section */

/* Begin PBXResourcesBuildPhase section */
		E7AE6A8426B81F4F0059FB12 /* Resources */ = {
			isa = PBXResourcesBuildPhase;
			buildActionMask = 2147483647;
			files = (
				E7AE6A9626B81F510059FB12 /* LaunchScreen.storyboard in Resources */,
				E7878C2926BACF3E00CF1DB8 /* Averta-Semibold.otf in Resources */,
				05626C1E28CB976F00AE96A4 /* DestinationCollectionViewCell.xib in Resources */,
				E7AE6A9326B81F510059FB12 /* Assets.xcassets in Resources */,
				05626C1728CB93B400AE96A4 /* DestinationsViewController.storyboard in Resources */,
				05626C3728CBBBFC00AE96A4 /* DestinationDetailsViewController.storyboard in Resources */,
				E7878C2826BACF3E00CF1DB8 /* Averta-Bold.otf in Resources */,
				E7878C2526BACF3E00CF1DB8 /* Averta-Light.otf in Resources */,
				05C3EBCF28CC02830068597C /* RecentDestinationView.xib in Resources */,
				05626C2628CBB45000AE96A4 /* SectionHeaderView.xib in Resources */,
				E7878C2726BACF3E00CF1DB8 /* Averta-ExtraBold.otf in Resources */,
				E7878C2626BACF3E00CF1DB8 /* Averta-Regular.otf in Resources */,
			);
			runOnlyForDeploymentPostprocessing = 0;
		};
		E7AE6A9A26B81F520059FB12 /* Resources */ = {
			isa = PBXResourcesBuildPhase;
			buildActionMask = 2147483647;
			files = (
			);
			runOnlyForDeploymentPostprocessing = 0;
		};
/* End PBXResourcesBuildPhase section */

/* Begin PBXShellScriptBuildPhase section */
		05626C2728CBB79A00AE96A4 /* SwiftFormat */ = {
			isa = PBXShellScriptBuildPhase;
			buildActionMask = 2147483647;
			files = (
			);
			inputFileListPaths = (
			);
			inputPaths = (
			);
			name = SwiftFormat;
			outputFileListPaths = (
			);
			outputPaths = (
			);
			runOnlyForDeploymentPostprocessing = 0;
			shellPath = /bin/sh;
			shellScript = "if which swiftformat >/dev/null; then\n  swiftformat .\nelse\n  echo \"warning: SwiftFormat not installed, download from https://github.com/nicklockwood/SwiftFormat\"\nfi\n";
		};
		05626C2928CBB7B500AE96A4 /* SwifftLint */ = {
			isa = PBXShellScriptBuildPhase;
			buildActionMask = 2147483647;
			files = (
			);
			inputFileListPaths = (
			);
			inputPaths = (
			);
			name = SwifftLint;
			outputFileListPaths = (
			);
			outputPaths = (
			);
			runOnlyForDeploymentPostprocessing = 0;
			shellPath = /bin/sh;
			shellScript = "# Type a screxport PATH=\"$PATH:/opt/homebrew/bin\"\nif which swiftlint; then\n    swiftlint --fix\n    swiftlint --config \".swiftlint.yml\"\nelse \n    echo \"warning: SwiftLint not installed, download from https://github.com/realm/SwiftLint\"\nfi\n\necho \"warning\"\n";
		};
/* End PBXShellScriptBuildPhase section */

/* Begin PBXSourcesBuildPhase section */
		E7AE6A8226B81F4F0059FB12 /* Sources */ = {
			isa = PBXSourcesBuildPhase;
			buildActionMask = 2147483647;
			files = (
				E794201726B83C0E0032C12E /* DestinationFetchingService.swift in Sources */,
				05C3EBBF28CBD8420068597C /* FetchDestinationDetailsUseCase.swift in Sources */,
				E7878C1D26BACE2400CF1DB8 /* Styles.swift in Sources */,
				05626C2F28CBB96C00AE96A4 /* DestinationsRepositoryProtocol.swift in Sources */,
				05626C3028CBB96C00AE96A4 /* FetchDestinationsUseCaseProtocol.swift in Sources */,
				05626C3128CBB96C00AE96A4 /* FetchDestinationsUseCase.swift in Sources */,
				05626C2528CBB45000AE96A4 /* SectionHeaderView.swift in Sources */,
				053E853028CF72A800278B74 /* DestinationCellViewModel.swift in Sources */,
				056D758928CDE68D00A28659 /* GetRecentDestinationUseCaseProtocol.swift in Sources */,
				05C3EBCD28CC026B0068597C /* RecentDestinationView.swift in Sources */,
				053E852D28CF71BC00278B74 /* FetchDataRequestUseCaseProtocol.swift in Sources */,
				056D758B28CDE69C00A28659 /* GetRecentDestinationUseCase.swift in Sources */,
				E7AE6A8E26B81F4F0059FB12 /* DestinationsViewController.swift in Sources */,
				05626C3228CBB96C00AE96A4 /* DestinationsViewModel.swift in Sources */,
				05C3EBAA28CBBD990068597C /* DestinationDetailsViewModel.swift in Sources */,
				05626C1D28CB976F00AE96A4 /* DestinationCollectionViewCell.swift in Sources */,
				05626C3428CBB99200AE96A4 /* DestinationsRepository.swift in Sources */,
				E794201A26B853F10032C12E /* Destination.swift in Sources */,
				05C3EBCB28CBE9B80068597C /* UIViewController+Loader.swift in Sources */,
				05626C1A28CB95EA00AE96A4 /* Storyboard+Instantiation.swift in Sources */,
				E7AE6A8A26B81F4F0059FB12 /* AppDelegate.swift in Sources */,
				E7B8690B287C4701000D2C2C /* GradientView.swift in Sources */,
				05FB539928CCBDC4008C57BC /* CodableUtils.swift in Sources */,
				05C3EBAC28CBBFE00068597C /* AppCoordinator.swift in Sources */,
				05FB539728CCB356008C57BC /* UIView+Subviews.swift in Sources */,
				05C3EBBD28CBD82E0068597C /* FetchDestinationDetailsUseCaseProtocol.swift in Sources */,
				E710FABC2885AB4000326EEF /* Fonts.swift in Sources */,
				05C3EBD128CC03180068597C /* NibInstantiationProtocol.swift in Sources */,
				E710FAC52885AF2E00326EEF /* DestinationDetailsViewController.swift in Sources */,
				053E852B28CF71A600278B74 /* FetchDataRequestUseCase.swift in Sources */,
				E794201C26B854040032C12E /* DestinationDetails.swift in Sources */,
			);
			runOnlyForDeploymentPostprocessing = 0;
		};
		E7AE6A9826B81F520059FB12 /* Sources */ = {
			isa = PBXSourcesBuildPhase;
			buildActionMask = 2147483647;
			files = (
				05F5FE0428CCF57A0025D7F5 /* MockDestinationsRepository.swift in Sources */,
				056D758D28CDE7E900A28659 /* GetRecentDestinationsUseCaseTests.swift in Sources */,
				05F5FE0B28CDC9B70025D7F5 /* DestinationsViewModelTests.swift in Sources */,
				05FB538928CC72BE008C57BC /* DestinationsRepositoryTests.swift in Sources */,
				05ACC0F428D06B4800C68B7B /* FetchDataRequestUseCaseTests.swift in Sources */,
				05F5FE0328CCEB0B0025D7F5 /* FetchDestinationDetailsUseCaseTests.swift in Sources */,
				05F5FE0728CDC63A0025D7F5 /* DestinationModelTests.swift in Sources */,
				05FB539528CC7D22008C57BC /* FetchDestinationsUseCaseTests.swift in Sources */,
				05F5FE0828CDC8CF0025D7F5 /* MockFetchingService.swift in Sources */,
			);
			runOnlyForDeploymentPostprocessing = 0;
		};
/* End PBXSourcesBuildPhase section */

/* Begin PBXTargetDependency section */
		E7AE6A9E26B81F520059FB12 /* PBXTargetDependency */ = {
			isa = PBXTargetDependency;
			target = E7AE6A8526B81F4F0059FB12 /* DestinationGuide */;
			targetProxy = E7AE6A9D26B81F520059FB12 /* PBXContainerItemProxy */;
		};
/* End PBXTargetDependency section */

/* Begin PBXVariantGroup section */
		E7AE6A9426B81F510059FB12 /* LaunchScreen.storyboard */ = {
			isa = PBXVariantGroup;
			children = (
				E7AE6A9526B81F510059FB12 /* Base */,
			);
			name = LaunchScreen.storyboard;
			sourceTree = "<group>";
		};
/* End PBXVariantGroup section */

/* Begin XCBuildConfiguration section */
		E7AE6AAC26B81F520059FB12 /* Debug */ = {
			isa = XCBuildConfiguration;
			buildSettings = {
				ALWAYS_SEARCH_USER_PATHS = NO;
				CLANG_ANALYZER_NONNULL = YES;
				CLANG_ANALYZER_NUMBER_OBJECT_CONVERSION = YES_AGGRESSIVE;
				CLANG_CXX_LANGUAGE_STANDARD = "gnu++14";
				CLANG_CXX_LIBRARY = "libc++";
				CLANG_ENABLE_MODULES = YES;
				CLANG_ENABLE_OBJC_ARC = YES;
				CLANG_ENABLE_OBJC_WEAK = YES;
				CLANG_WARN_BLOCK_CAPTURE_AUTORELEASING = YES;
				CLANG_WARN_BOOL_CONVERSION = YES;
				CLANG_WARN_COMMA = YES;
				CLANG_WARN_CONSTANT_CONVERSION = YES;
				CLANG_WARN_DEPRECATED_OBJC_IMPLEMENTATIONS = YES;
				CLANG_WARN_DIRECT_OBJC_ISA_USAGE = YES_ERROR;
				CLANG_WARN_DOCUMENTATION_COMMENTS = YES;
				CLANG_WARN_EMPTY_BODY = YES;
				CLANG_WARN_ENUM_CONVERSION = YES;
				CLANG_WARN_INFINITE_RECURSION = YES;
				CLANG_WARN_INT_CONVERSION = YES;
				CLANG_WARN_NON_LITERAL_NULL_CONVERSION = YES;
				CLANG_WARN_OBJC_IMPLICIT_RETAIN_SELF = YES;
				CLANG_WARN_OBJC_LITERAL_CONVERSION = YES;
				CLANG_WARN_OBJC_ROOT_CLASS = YES_ERROR;
				CLANG_WARN_QUOTED_INCLUDE_IN_FRAMEWORK_HEADER = YES;
				CLANG_WARN_RANGE_LOOP_ANALYSIS = YES;
				CLANG_WARN_STRICT_PROTOTYPES = YES;
				CLANG_WARN_SUSPICIOUS_MOVE = YES;
				CLANG_WARN_UNGUARDED_AVAILABILITY = YES_AGGRESSIVE;
				CLANG_WARN_UNREACHABLE_CODE = YES;
				CLANG_WARN__DUPLICATE_METHOD_MATCH = YES;
				COPY_PHASE_STRIP = NO;
				DEBUG_INFORMATION_FORMAT = dwarf;
				ENABLE_STRICT_OBJC_MSGSEND = YES;
				ENABLE_TESTABILITY = YES;
				GCC_C_LANGUAGE_STANDARD = gnu11;
				GCC_DYNAMIC_NO_PIC = NO;
				GCC_NO_COMMON_BLOCKS = YES;
				GCC_OPTIMIZATION_LEVEL = 0;
				GCC_PREPROCESSOR_DEFINITIONS = (
					"DEBUG=1",
					"$(inherited)",
				);
				GCC_WARN_64_TO_32_BIT_CONVERSION = YES;
				GCC_WARN_ABOUT_RETURN_TYPE = YES_ERROR;
				GCC_WARN_UNDECLARED_SELECTOR = YES;
				GCC_WARN_UNINITIALIZED_AUTOS = YES_AGGRESSIVE;
				GCC_WARN_UNUSED_FUNCTION = YES;
				GCC_WARN_UNUSED_VARIABLE = YES;
				IPHONEOS_DEPLOYMENT_TARGET = 15.0;
				MTL_ENABLE_DEBUG_INFO = INCLUDE_SOURCE;
				MTL_FAST_MATH = YES;
				ONLY_ACTIVE_ARCH = YES;
				SDKROOT = iphoneos;
				SWIFT_ACTIVE_COMPILATION_CONDITIONS = DEBUG;
				SWIFT_OPTIMIZATION_LEVEL = "-Onone";
			};
			name = Debug;
		};
		E7AE6AAD26B81F520059FB12 /* Release */ = {
			isa = XCBuildConfiguration;
			buildSettings = {
				ALWAYS_SEARCH_USER_PATHS = NO;
				CLANG_ANALYZER_NONNULL = YES;
				CLANG_ANALYZER_NUMBER_OBJECT_CONVERSION = YES_AGGRESSIVE;
				CLANG_CXX_LANGUAGE_STANDARD = "gnu++14";
				CLANG_CXX_LIBRARY = "libc++";
				CLANG_ENABLE_MODULES = YES;
				CLANG_ENABLE_OBJC_ARC = YES;
				CLANG_ENABLE_OBJC_WEAK = YES;
				CLANG_WARN_BLOCK_CAPTURE_AUTORELEASING = YES;
				CLANG_WARN_BOOL_CONVERSION = YES;
				CLANG_WARN_COMMA = YES;
				CLANG_WARN_CONSTANT_CONVERSION = YES;
				CLANG_WARN_DEPRECATED_OBJC_IMPLEMENTATIONS = YES;
				CLANG_WARN_DIRECT_OBJC_ISA_USAGE = YES_ERROR;
				CLANG_WARN_DOCUMENTATION_COMMENTS = YES;
				CLANG_WARN_EMPTY_BODY = YES;
				CLANG_WARN_ENUM_CONVERSION = YES;
				CLANG_WARN_INFINITE_RECURSION = YES;
				CLANG_WARN_INT_CONVERSION = YES;
				CLANG_WARN_NON_LITERAL_NULL_CONVERSION = YES;
				CLANG_WARN_OBJC_IMPLICIT_RETAIN_SELF = YES;
				CLANG_WARN_OBJC_LITERAL_CONVERSION = YES;
				CLANG_WARN_OBJC_ROOT_CLASS = YES_ERROR;
				CLANG_WARN_QUOTED_INCLUDE_IN_FRAMEWORK_HEADER = YES;
				CLANG_WARN_RANGE_LOOP_ANALYSIS = YES;
				CLANG_WARN_STRICT_PROTOTYPES = YES;
				CLANG_WARN_SUSPICIOUS_MOVE = YES;
				CLANG_WARN_UNGUARDED_AVAILABILITY = YES_AGGRESSIVE;
				CLANG_WARN_UNREACHABLE_CODE = YES;
				CLANG_WARN__DUPLICATE_METHOD_MATCH = YES;
				COPY_PHASE_STRIP = NO;
				DEBUG_INFORMATION_FORMAT = "dwarf-with-dsym";
				ENABLE_NS_ASSERTIONS = NO;
				ENABLE_STRICT_OBJC_MSGSEND = YES;
				GCC_C_LANGUAGE_STANDARD = gnu11;
				GCC_NO_COMMON_BLOCKS = YES;
				GCC_WARN_64_TO_32_BIT_CONVERSION = YES;
				GCC_WARN_ABOUT_RETURN_TYPE = YES_ERROR;
				GCC_WARN_UNDECLARED_SELECTOR = YES;
				GCC_WARN_UNINITIALIZED_AUTOS = YES_AGGRESSIVE;
				GCC_WARN_UNUSED_FUNCTION = YES;
				GCC_WARN_UNUSED_VARIABLE = YES;
				IPHONEOS_DEPLOYMENT_TARGET = 15.0;
				MTL_ENABLE_DEBUG_INFO = NO;
				MTL_FAST_MATH = YES;
				SDKROOT = iphoneos;
				SWIFT_COMPILATION_MODE = wholemodule;
				SWIFT_OPTIMIZATION_LEVEL = "-O";
				VALIDATE_PRODUCT = YES;
			};
			name = Release;
		};
		E7AE6AAF26B81F520059FB12 /* Debug */ = {
			isa = XCBuildConfiguration;
			buildSettings = {
				ASSETCATALOG_COMPILER_APPICON_NAME = AppIcon;
				ASSETCATALOG_COMPILER_GLOBAL_ACCENT_COLOR_NAME = AccentColor;
				CODE_SIGN_STYLE = Automatic;
				CURRENT_PROJECT_VERSION = 1;
				DEVELOPMENT_TEAM = 3K4X5D5KTS;
				GENERATE_INFOPLIST_FILE = YES;
				INFOPLIST_FILE = DestinationGuide/Info.plist;
				INFOPLIST_KEY_UIApplicationSupportsIndirectInputEvents = YES;
				INFOPLIST_KEY_UILaunchStoryboardName = LaunchScreen;
				INFOPLIST_KEY_UISupportedInterfaceOrientations_iPad = "UIInterfaceOrientationPortrait UIInterfaceOrientationPortraitUpsideDown UIInterfaceOrientationLandscapeLeft UIInterfaceOrientationLandscapeRight";
				INFOPLIST_KEY_UISupportedInterfaceOrientations_iPhone = "UIInterfaceOrientationPortrait UIInterfaceOrientationLandscapeLeft UIInterfaceOrientationLandscapeRight";
				LD_RUNPATH_SEARCH_PATHS = (
					"$(inherited)",
					"@executable_path/Frameworks",
				);
				MARKETING_VERSION = 1.0;
				PRODUCT_BUNDLE_IDENTIFIER = com.evaneos.DestinationGuide;
				PRODUCT_NAME = "$(TARGET_NAME)";
				SWIFT_EMIT_LOC_STRINGS = YES;
				SWIFT_VERSION = 5.0;
				TARGETED_DEVICE_FAMILY = "1,2";
			};
			name = Debug;
		};
		E7AE6AB026B81F520059FB12 /* Release */ = {
			isa = XCBuildConfiguration;
			buildSettings = {
				ASSETCATALOG_COMPILER_APPICON_NAME = AppIcon;
				ASSETCATALOG_COMPILER_GLOBAL_ACCENT_COLOR_NAME = AccentColor;
				CODE_SIGN_STYLE = Automatic;
				CURRENT_PROJECT_VERSION = 1;
				DEVELOPMENT_TEAM = 3K4X5D5KTS;
				GENERATE_INFOPLIST_FILE = YES;
				INFOPLIST_FILE = DestinationGuide/Info.plist;
				INFOPLIST_KEY_UIApplicationSupportsIndirectInputEvents = YES;
				INFOPLIST_KEY_UILaunchStoryboardName = LaunchScreen;
				INFOPLIST_KEY_UISupportedInterfaceOrientations_iPad = "UIInterfaceOrientationPortrait UIInterfaceOrientationPortraitUpsideDown UIInterfaceOrientationLandscapeLeft UIInterfaceOrientationLandscapeRight";
				INFOPLIST_KEY_UISupportedInterfaceOrientations_iPhone = "UIInterfaceOrientationPortrait UIInterfaceOrientationLandscapeLeft UIInterfaceOrientationLandscapeRight";
				LD_RUNPATH_SEARCH_PATHS = (
					"$(inherited)",
					"@executable_path/Frameworks",
				);
				MARKETING_VERSION = 1.0;
				PRODUCT_BUNDLE_IDENTIFIER = com.evaneos.DestinationGuide;
				PRODUCT_NAME = "$(TARGET_NAME)";
				SWIFT_EMIT_LOC_STRINGS = YES;
				SWIFT_VERSION = 5.0;
				TARGETED_DEVICE_FAMILY = "1,2";
			};
			name = Release;
		};
		E7AE6AB226B81F520059FB12 /* Debug */ = {
			isa = XCBuildConfiguration;
			buildSettings = {
				ALWAYS_EMBED_SWIFT_STANDARD_LIBRARIES = YES;
				BUNDLE_LOADER = "$(TEST_HOST)";
				CODE_SIGN_STYLE = Automatic;
				CURRENT_PROJECT_VERSION = 1;
				DEVELOPMENT_TEAM = 3K4X5D5KTS;
				GENERATE_INFOPLIST_FILE = YES;
				IPHONEOS_DEPLOYMENT_TARGET = 15.0;
				LD_RUNPATH_SEARCH_PATHS = (
					"$(inherited)",
					"@executable_path/Frameworks",
					"@loader_path/Frameworks",
				);
				MARKETING_VERSION = 1.0;
				PRODUCT_BUNDLE_IDENTIFIER = com.evaneos.DestinationGuideTests;
				PRODUCT_NAME = "$(TARGET_NAME)";
				SWIFT_EMIT_LOC_STRINGS = NO;
				SWIFT_VERSION = 5.0;
				TARGETED_DEVICE_FAMILY = "1,2";
				TEST_HOST = "$(BUILT_PRODUCTS_DIR)/DestinationGuide.app/DestinationGuide";
			};
			name = Debug;
		};
		E7AE6AB326B81F520059FB12 /* Release */ = {
			isa = XCBuildConfiguration;
			buildSettings = {
				ALWAYS_EMBED_SWIFT_STANDARD_LIBRARIES = YES;
				BUNDLE_LOADER = "$(TEST_HOST)";
				CODE_SIGN_STYLE = Automatic;
				CURRENT_PROJECT_VERSION = 1;
				DEVELOPMENT_TEAM = 3K4X5D5KTS;
				GENERATE_INFOPLIST_FILE = YES;
				IPHONEOS_DEPLOYMENT_TARGET = 15.0;
				LD_RUNPATH_SEARCH_PATHS = (
					"$(inherited)",
					"@executable_path/Frameworks",
					"@loader_path/Frameworks",
				);
				MARKETING_VERSION = 1.0;
				PRODUCT_BUNDLE_IDENTIFIER = com.evaneos.DestinationGuideTests;
				PRODUCT_NAME = "$(TARGET_NAME)";
				SWIFT_EMIT_LOC_STRINGS = NO;
				SWIFT_VERSION = 5.0;
				TARGETED_DEVICE_FAMILY = "1,2";
				TEST_HOST = "$(BUILT_PRODUCTS_DIR)/DestinationGuide.app/DestinationGuide";
			};
			name = Release;
		};
/* End XCBuildConfiguration section */

/* Begin XCConfigurationList section */
		E7AE6A8126B81F4F0059FB12 /* Build configuration list for PBXProject "DestinationGuide" */ = {
			isa = XCConfigurationList;
			buildConfigurations = (
				E7AE6AAC26B81F520059FB12 /* Debug */,
				E7AE6AAD26B81F520059FB12 /* Release */,
			);
			defaultConfigurationIsVisible = 0;
			defaultConfigurationName = Release;
		};
		E7AE6AAE26B81F520059FB12 /* Build configuration list for PBXNativeTarget "DestinationGuide" */ = {
			isa = XCConfigurationList;
			buildConfigurations = (
				E7AE6AAF26B81F520059FB12 /* Debug */,
				E7AE6AB026B81F520059FB12 /* Release */,
			);
			defaultConfigurationIsVisible = 0;
			defaultConfigurationName = Release;
		};
		E7AE6AB126B81F520059FB12 /* Build configuration list for PBXNativeTarget "DestinationGuideTests" */ = {
			isa = XCConfigurationList;
			buildConfigurations = (
				E7AE6AB226B81F520059FB12 /* Debug */,
				E7AE6AB326B81F520059FB12 /* Release */,
			);
			defaultConfigurationIsVisible = 0;
			defaultConfigurationName = Release;
		};
/* End XCConfigurationList section */

/* Begin XCRemoteSwiftPackageReference section */
		056D759B28CF0F8E00A28659 /* XCRemoteSwiftPackageReference "RxSwift" */ = {
			isa = XCRemoteSwiftPackageReference;
			repositoryURL = "https://github.com/ReactiveX/RxSwift.git";
			requirement = {
				branch = main;
				kind = branch;
			};
		};
/* End XCRemoteSwiftPackageReference section */

/* Begin XCSwiftPackageProductDependency section */
		056D759C28CF0F8E00A28659 /* RxCocoa */ = {
			isa = XCSwiftPackageProductDependency;
			package = 056D759B28CF0F8E00A28659 /* XCRemoteSwiftPackageReference "RxSwift" */;
			productName = RxCocoa;
		};
		056D759E28CF0F8E00A28659 /* RxSwift */ = {
			isa = XCSwiftPackageProductDependency;
			package = 056D759B28CF0F8E00A28659 /* XCRemoteSwiftPackageReference "RxSwift" */;
			productName = RxSwift;
		};
/* End XCSwiftPackageProductDependency section */
	};
	rootObject = E7AE6A7E26B81F4F0059FB12 /* Project object */;
}
